
Microsoft Visual Studio Solution File, Format Version 12.00
# Visual Studio Version 16
VisualStudioVersion = 16.0.31112.23
MinimumVisualStudioVersion = 10.0.40219.1
Project("{FAE04EC0-301F-11D3-BF4B-00C04F79EFBC}") = "MVCTaskP", "MVCTaskP\MVCTaskP.csproj", "{93C4059B-728C-45DB-91B9-F4ACC195FEEC}"
EndProject
Global
	GlobalSection(SolutionConfigurationPlatforms) = preSolution
		Debug|Any CPU = Debug|Any CPU
		Release|Any CPU = Release|Any CPU
	EndGlobalSection
	GlobalSection(ProjectConfigurationPlatforms) = postSolution
		{93C4059B-728C-45DB-91B9-F4ACC195FEEC}.Debug|Any CPU.ActiveCfg = Debug|Any CPU
		{93C4059B-728C-45DB-91B9-F4ACC195FEEC}.Debug|Any CPU.Build.0 = Debug|Any CPU
		{93C4059B-728C-45DB-91B9-F4ACC195FEEC}.Release|Any CPU.ActiveCfg = Release|Any CPU
		{93C4059B-728C-45DB-91B9-F4ACC195FEEC}.Release|Any CPU.Build.0 = Release|Any CPU
	EndGlobalSection
	GlobalSection(SolutionProperties) = preSolution
		HideSolutionNode = FALSE
	EndGlobalSection
	GlobalSection(ExtensibilityGlobals) = postSolution
		SolutionGuid = {75A0A338-C5FA-4D5D-B2C6-E5916E51D2E2}
	EndGlobalSection
EndGlobal
